
Microsoft Visual Studio Solution File, Format Version 12.00
# Visual Studio Version 17
VisualStudioVersion = 17.0.31903.59
MinimumVisualStudioVersion = 10.0.40219.1
Project("{FAE04EC0-301F-11D3-BF4B-00C04F79EFBC}") = "Cargo.Data.Core", "src\Cargo.Data.Core\Cargo.Data.Core.csproj", "{E0D768BD-4BD9-42A6-9F6B-B9D898491F8D}"
EndProject
Global
	GlobalSection(SolutionConfigurationPlatforms) = preSolution
		Debug|Any CPU = Debug|Any CPU
		Release|Any CPU = Release|Any CPU
	EndGlobalSection
	GlobalSection(ProjectConfigurationPlatforms) = postSolution
		{E0D768BD-4BD9-42A6-9F6B-B9D898491F8D}.Debug|Any CPU.ActiveCfg = Debug|Any CPU
		{E0D768BD-4BD9-42A6-9F6B-B9D898491F8D}.Debug|Any CPU.Build.0 = Debug|Any CPU
		{E0D768BD-4BD9-42A6-9F6B-B9D898491F8D}.Release|Any CPU.ActiveCfg = Release|Any CPU
		{E0D768BD-4BD9-42A6-9F6B-B9D898491F8D}.Release|Any CPU.Build.0 = Release|Any CPU
	EndGlobalSection
	GlobalSection(SolutionProperties) = preSolution
		HideSolutionNode = FALSE
	EndGlobalSection
EndGlobal
